PODS:
  - SwiftKeychainWrapper (3.0.1)

DEPENDENCIES:
  - SwiftKeychainWrapper

SPEC REPOS:
  https://github.com/CocoaPods/Specs.git:
    - SwiftKeychainWrapper

SPEC CHECKSUMS:
  SwiftKeychainWrapper: 38952a3636320ae61bad3513cadd870929de7a4a

PODFILE CHECKSUM: 19ef51763df21982699b880f28c775c749956ea7

COCOAPODS: 1.5.0
