// !$*UTF8*$!
{
	archiveVersion = 1;
	classes = {
	};
	objectVersion = 48;
	objects = {

/* Begin PBXBuildFile section */
		6CC789D340E013C3FA8763C3 /* Pods_TwitterTrends.framework in Frameworks */ = {isa = PBXBuildFile; fileRef = 1487FE81D5C50A4EFEDD5406 /* Pods_TwitterTrends.framework */; };
		CC03F52A2045947D0048B716 /* AppDelegate.swift in Sources */ = {isa = PBXBuildFile; fileRef = CC03F5292045947D0048B716 /* AppDelegate.swift */; };
		CC03F52C2045947D0048B716 /* ViewController.swift in Sources */ = {isa = PBXBuildFile; fileRef = CC03F52B2045947D0048B716 /* ViewController.swift */; };
		CC03F52F2045947D0048B716 /* Main.storyboard in Resources */ = {isa = PBXBuildFile; fileRef = CC03F52D2045947D0048B716 /* Main.storyboard */; };
		CC03F5312045947D0048B716 /* Assets.xcassets in Resources */ = {isa = PBXBuildFile; fileRef = CC03F5302045947D0048B716 /* Assets.xcassets */; };
		CC03F5342045947D0048B716 /* LaunchScreen.storyboard in Resources */ = {isa = PBXBuildFile; fileRef = CC03F5322045947D0048B716 /* LaunchScreen.storyboard */; };
		CC3405AC204991E700F2B07A /* RESTClient.swift in Sources */ = {isa = PBXBuildFile; fileRef = CC3405AB204991E700F2B07A /* RESTClient.swift */; };
		CC4134D22087393C00899E2D /* Authentication.swift in Sources */ = {isa = PBXBuildFile; fileRef = CC4134D12087393C00899E2D /* Authentication.swift */; };
		CC4134D42087491800899E2D /* Constants.swift in Sources */ = {isa = PBXBuildFile; fileRef = CC4134D32087491800899E2D /* Constants.swift */; };
		CC4533AF2052A47900C80C85 /* Trend.swift in Sources */ = {isa = PBXBuildFile; fileRef = CC4533AE2052A47900C80C85 /* Trend.swift */; };
		CC4533B12052A7A200C80C85 /* TrendRepository.swift in Sources */ = {isa = PBXBuildFile; fileRef = CC4533B02052A7A200C80C85 /* TrendRepository.swift */; };
		CC6FD0982088DC0E005C248A /* AppProvider.swift in Sources */ = {isa = PBXBuildFile; fileRef = CC6FD0972088DC0E005C248A /* AppProvider.swift */; };
		CC98F0A8207507CE00B52ACE /* Utilities.swift in Sources */ = {isa = PBXBuildFile; fileRef = CC98F0A7207507CE00B52ACE /* Utilities.swift */; };
/* End PBXBuildFile section */

/* Begin PBXFileReference section */
		1487FE81D5C50A4EFEDD5406 /* Pods_TwitterTrends.framework */ = {isa = PBXFileReference; explicitFileType = wrapper.framework; includeInIndex = 0; path = Pods_TwitterTrends.framework; sourceTree = BUILT_PRODUCTS_DIR; };
		216E098A0FA6B9120AADE162 /* Pods-TwitterTrends.release.xcconfig */ = {isa = PBXFileReference; includeInIndex = 1; lastKnownFileType = text.xcconfig; name = "Pods-TwitterTrends.release.xcconfig"; path = "Pods/Target Support Files/Pods-TwitterTrends/Pods-TwitterTrends.release.xcconfig"; sourceTree = "<group>"; };
		B770C63AE9E1C67319AF3649 /* Pods-TwitterTrends.debug.xcconfig */ = {isa = PBXFileReference; includeInIndex = 1; lastKnownFileType = text.xcconfig; name = "Pods-TwitterTrends.debug.xcconfig"; path = "Pods/Target Support Files/Pods-TwitterTrends/Pods-TwitterTrends.debug.xcconfig"; sourceTree = "<group>"; };
		CC03F5262045947D0048B716 /* TwitterTrends.app */ = {isa = PBXFileReference; explicitFileType = wrapper.application; includeInIndex = 0; path = TwitterTrends.app; sourceTree = BUILT_PRODUCTS_DIR; };
		CC03F5292045947D0048B716 /* AppDelegate.swift */ = {isa = PBXFileReference; lastKnownFileType = sourcecode.swift; path = AppDelegate.swift; sourceTree = "<group>"; };
		CC03F52B2045947D0048B716 /* ViewController.swift */ = {isa = PBXFileReference; lastKnownFileType = sourcecode.swift; path = ViewController.swift; sourceTree = "<group>"; };
		CC03F52E2045947D0048B716 /* Base */ = {isa = PBXFileReference; lastKnownFileType = file.storyboard; name = Base; path = Base.lproj/Main.storyboard; sourceTree = "<group>"; };
		CC03F5302045947D0048B716 /* Assets.xcassets */ = {isa = PBXFileReference; lastKnownFileType = folder.assetcatalog; path = Assets.xcassets; sourceTree = "<group>"; };
		CC03F5332045947D0048B716 /* Base */ = {isa = PBXFileReference; lastKnownFileType = file.storyboard; name = Base; path = Base.lproj/LaunchScreen.storyboard; sourceTree = "<group>"; };
		CC03F5352045947D0048B716 /* Info.plist */ = {isa = PBXFileReference; lastKnownFileType = text.plist.xml; path = Info.plist; sourceTree = "<group>"; };
		CC3405AB204991E700F2B07A /* RESTClient.swift */ = {isa = PBXFileReference; lastKnownFileType = sourcecode.swift; path = RESTClient.swift; sourceTree = "<group>"; };
		CC4134D12087393C00899E2D /* Authentication.swift */ = {isa = PBXFileReference; lastKnownFileType = sourcecode.swift; path = Authentication.swift; sourceTree = "<group>"; };
		CC4134D32087491800899E2D /* Constants.swift */ = {isa = PBXFileReference; lastKnownFileType = sourcecode.swift; path = Constants.swift; sourceTree = "<group>"; };
		CC4533AE2052A47900C80C85 /* Trend.swift */ = {isa = PBXFileReference; lastKnownFileType = sourcecode.swift; path = Trend.swift; sourceTree = "<group>"; };
		CC4533B02052A7A200C80C85 /* TrendRepository.swift */ = {isa = PBXFileReference; lastKnownFileType = sourcecode.swift; path = TrendRepository.swift; sourceTree = "<group>"; };
		CC6FD0972088DC0E005C248A /* AppProvider.swift */ = {isa = PBXFileReference; lastKnownFileType = sourcecode.swift; path = AppProvider.swift; sourceTree = "<group>"; };
		CC98F0A7207507CE00B52ACE /* Utilities.swift */ = {isa = PBXFileReference; lastKnownFileType = sourcecode.swift; path = Utilities.swift; sourceTree = "<group>"; };
/* End PBXFileReference section */

/* Begin PBXFrameworksBuildPhase section */
		CC03F5232045947D0048B716 /* Frameworks */ = {
			isa = PBXFrameworksBuildPhase;
			buildActionMask = 2147483647;
			files = (
				6CC789D340E013C3FA8763C3 /* Pods_TwitterTrends.framework in Frameworks */,
			);
			runOnlyForDeploymentPostprocessing = 0;
		};
/* End PBXFrameworksBuildPhase section */

/* Begin PBXGroup section */
		0B3A69F8683E173732771982 /* Pods */ = {
			isa = PBXGroup;
			children = (
				B770C63AE9E1C67319AF3649 /* Pods-TwitterTrends.debug.xcconfig */,
				216E098A0FA6B9120AADE162 /* Pods-TwitterTrends.release.xcconfig */,
			);
			name = Pods;
			sourceTree = "<group>";
		};
		377E3DCDCAA7597DB6115EB1 /* Frameworks */ = {
			isa = PBXGroup;
			children = (
				1487FE81D5C50A4EFEDD5406 /* Pods_TwitterTrends.framework */,
			);
			name = Frameworks;
			sourceTree = "<group>";
		};
		CC03F51D2045947D0048B716 = {
			isa = PBXGroup;
			children = (
				CC03F5282045947D0048B716 /* TwitterTrends */,
				CC03F5272045947D0048B716 /* Products */,
				0B3A69F8683E173732771982 /* Pods */,
				377E3DCDCAA7597DB6115EB1 /* Frameworks */,
			);
			sourceTree = "<group>";
		};
		CC03F5272045947D0048B716 /* Products */ = {
			isa = PBXGroup;
			children = (
				CC03F5262045947D0048B716 /* TwitterTrends.app */,
			);
			name = Products;
			sourceTree = "<group>";
		};
		CC03F5282045947D0048B716 /* TwitterTrends */ = {
			isa = PBXGroup;
			children = (
				CC03F5292045947D0048B716 /* AppDelegate.swift */,
				CC03F52B2045947D0048B716 /* ViewController.swift */,
				CC3405AB204991E700F2B07A /* RESTClient.swift */,
				CC03F52D2045947D0048B716 /* Main.storyboard */,
				CC03F5302045947D0048B716 /* Assets.xcassets */,
				CC03F5322045947D0048B716 /* LaunchScreen.storyboard */,
				CC03F5352045947D0048B716 /* Info.plist */,
				CC4533AE2052A47900C80C85 /* Trend.swift */,
				CC4533B02052A7A200C80C85 /* TrendRepository.swift */,
				CC98F0A7207507CE00B52ACE /* Utilities.swift */,
				CC4134D12087393C00899E2D /* Authentication.swift */,
				CC4134D32087491800899E2D /* Constants.swift */,
				CC6FD0972088DC0E005C248A /* AppProvider.swift */,
			);
			path = TwitterTrends;
			sourceTree = "<group>";
		};
/* End PBXGroup section */

/* Begin PBXNativeTarget section */
		CC03F5252045947D0048B716 /* TwitterTrends */ = {
			isa = PBXNativeTarget;
			buildConfigurationList = CC03F5382045947D0048B716 /* Build configuration list for PBXNativeTarget "TwitterTrends" */;
			buildPhases = (
				8EA5F55024D295555588A141 /* [CP] Check Pods Manifest.lock */,
				CC03F5222045947D0048B716 /* Sources */,
				CC03F5232045947D0048B716 /* Frameworks */,
				CC03F5242045947D0048B716 /* Resources */,
				3CE73DBFD9C6BF8FDEBCC0A3 /* [CP] Embed Pods Frameworks */,
				ADF05DB3C6FC039431D70E59 /* [CP] Copy Pods Resources */,
			);
			buildRules = (
			);
			dependencies = (
			);
			name = TwitterTrends;
			productName = TwitterTrends;
			productReference = CC03F5262045947D0048B716 /* TwitterTrends.app */;
			productType = "com.apple.product-type.application";
		};
/* End PBXNativeTarget section */

/* Begin PBXProject section */
		CC03F51E2045947D0048B716 /* Project object */ = {
			isa = PBXProject;
			attributes = {
				LastSwiftUpdateCheck = 0920;
				LastUpgradeCheck = 0930;
				ORGANIZATIONNAME = "Zarzecki, Matthias";
				TargetAttributes = {
					CC03F5252045947D0048B716 = {
						CreatedOnToolsVersion = 9.2;
						ProvisioningStyle = Automatic;
					};
				};
			};
			buildConfigurationList = CC03F5212045947D0048B716 /* Build configuration list for PBXProject "TwitterTrends" */;
			compatibilityVersion = "Xcode 8.0";
			developmentRegion = en;
			hasScannedForEncodings = 0;
			knownRegions = (
				en,
				Base,
			);
			mainGroup = CC03F51D2045947D0048B716;
			productRefGroup = CC03F5272045947D0048B716 /* Products */;
			projectDirPath = "";
			projectRoot = "";
			targets = (
				CC03F5252045947D0048B716 /* TwitterTrends */,
			);
		};
/* End PBXProject section */

/* Begin PBXResourcesBuildPhase section */
		CC03F5242045947D0048B716 /* Resources */ = {
			isa = PBXResourcesBuildPhase;
			buildActionMask = 2147483647;
			files = (
				CC03F5342045947D0048B716 /* LaunchScreen.storyboard in Resources */,
				CC03F5312045947D0048B716 /* Assets.xcassets in Resources */,
				CC03F52F2045947D0048B716 /* Main.storyboard in Resources */,
			);
			runOnlyForDeploymentPostprocessing = 0;
		};
/* End PBXResourcesBuildPhase section */

/* Begin PBXShellScriptBuildPhase section */
		3CE73DBFD9C6BF8FDEBCC0A3 /* [CP] Embed Pods Frameworks */ = {
			isa = PBXShellScriptBuildPhase;
			buildActionMask = 2147483647;
			files = (
			);
			inputPaths = (
				"${SRCROOT}/Pods/Target Support Files/Pods-TwitterTrends/Pods-TwitterTrends-frameworks.sh",
				"${BUILT_PRODUCTS_DIR}/SwiftyJSON/SwiftyJSON.framework",
			);
			name = "[CP] Embed Pods Frameworks";
			outputPaths = (
				"${TARGET_BUILD_DIR}/${FRAMEWORKS_FOLDER_PATH}/SwiftyJSON.framework",
			);
			runOnlyForDeploymentPostprocessing = 0;
			shellPath = /bin/sh;
			shellScript = "\"${SRCROOT}/Pods/Target Support Files/Pods-TwitterTrends/Pods-TwitterTrends-frameworks.sh\"\n";
			showEnvVarsInLog = 0;
		};
		8EA5F55024D295555588A141 /* [CP] Check Pods Manifest.lock */ = {
			isa = PBXShellScriptBuildPhase;
			buildActionMask = 2147483647;
			files = (
			);
			inputPaths = (
				"${PODS_PODFILE_DIR_PATH}/Podfile.lock",
				"${PODS_ROOT}/Manifest.lock",
			);
			name = "[CP] Check Pods Manifest.lock";
			outputPaths = (
				"$(DERIVED_FILE_DIR)/Pods-TwitterTrends-checkManifestLockResult.txt",
			);
			runOnlyForDeploymentPostprocessing = 0;
			shellPath = /bin/sh;
			shellScript = "diff \"${PODS_PODFILE_DIR_PATH}/Podfile.lock\" \"${PODS_ROOT}/Manifest.lock\" > /dev/null\nif [ $? != 0 ] ; then\n    # print error to STDERR\n    echo \"error: The sandbox is not in sync with the Podfile.lock. Run 'pod install' or update your CocoaPods installation.\" >&2\n    exit 1\nfi\n# This output is used by Xcode 'outputs' to avoid re-running this script phase.\necho \"SUCCESS\" > \"${SCRIPT_OUTPUT_FILE_0}\"\n";
			showEnvVarsInLog = 0;
		};
		ADF05DB3C6FC039431D70E59 /* [CP] Copy Pods Resources */ = {
			isa = PBXShellScriptBuildPhase;
			buildActionMask = 2147483647;
			files = (
			);
			inputPaths = (
			);
			name = "[CP] Copy Pods Resources";
			outputPaths = (
			);
			runOnlyForDeploymentPostprocessing = 0;
			shellPath = /bin/sh;
			shellScript = "\"${SRCROOT}/Pods/Target Support Files/Pods-TwitterTrends/Pods-TwitterTrends-resources.sh\"\n";
			showEnvVarsInLog = 0;
		};
/* End PBXShellScriptBuildPhase section */

/* Begin PBXSourcesBuildPhase section */
		CC03F5222045947D0048B716 /* Sources */ = {
			isa = PBXSourcesBuildPhase;
			buildActionMask = 2147483647;
			files = (
				CC4134D22087393C00899E2D /* Authentication.swift in Sources */,
				CC98F0A8207507CE00B52ACE /* Utilities.swift in Sources */,
				CC03F52C2045947D0048B716 /* ViewController.swift in Sources */,
				CC4533AF2052A47900C80C85 /* Trend.swift in Sources */,
				CC4533B12052A7A200C80C85 /* TrendRepository.swift in Sources */,
				CC3405AC204991E700F2B07A /* RESTClient.swift in Sources */,
				CC03F52A2045947D0048B716 /* AppDelegate.swift in Sources */,
				CC4134D42087491800899E2D /* Constants.swift in Sources */,
				CC6FD0982088DC0E005C248A /* AppProvider.swift in Sources */,
			);
			runOnlyForDeploymentPostprocessing = 0;
		};
/* End PBXSourcesBuildPhase section */

/* Begin PBXVariantGroup section */
		CC03F52D2045947D0048B716 /* Main.storyboard */ = {
			isa = PBXVariantGroup;
			children = (
				CC03F52E2045947D0048B716 /* Base */,
			);
			name = Main.storyboard;
			sourceTree = "<group>";
		};
		CC03F5322045947D0048B716 /* LaunchScreen.storyboard */ = {
			isa = PBXVariantGroup;
			children = (
				CC03F5332045947D0048B716 /* Base */,
			);
			name = LaunchScreen.storyboard;
			sourceTree = "<group>";
		};
/* End PBXVariantGroup section */

/* Begin XCBuildConfiguration section */
		CC03F5362045947D0048B716 /* Debug */ = {
			isa = XCBuildConfiguration;
			buildSettings = {
				ALWAYS_SEARCH_USER_PATHS = NO;
				CLANG_ANALYZER_NONNULL = YES;
				CLANG_ANALYZER_NUMBER_OBJECT_CONVERSION = YES_AGGRESSIVE;
				CLANG_CXX_LANGUAGE_STANDARD = "gnu++14";
				CLANG_CXX_LIBRARY = "libc++";
				CLANG_ENABLE_MODULES = YES;
				CLANG_ENABLE_OBJC_ARC = YES;
				CLANG_WARN_BLOCK_CAPTURE_AUTORELEASING = YES;
				CLANG_WARN_BOOL_CONVERSION = YES;
				CLANG_WARN_COMMA = YES;
				CLANG_WARN_CONSTANT_CONVERSION = YES;
				CLANG_WARN_DEPRECATED_OBJC_IMPLEMENTATIONS = YES;
				CLANG_WARN_DIRECT_OBJC_ISA_USAGE = YES_ERROR;
				CLANG_WARN_DOCUMENTATION_COMMENTS = YES;
				CLANG_WARN_EMPTY_BODY = YES;
				CLANG_WARN_ENUM_CONVERSION = YES;
				CLANG_WARN_INFINITE_RECURSION = YES;
				CLANG_WARN_INT_CONVERSION = YES;
				CLANG_WARN_NON_LITERAL_NULL_CONVERSION = YES;
				CLANG_WARN_OBJC_IMPLICIT_RETAIN_SELF = YES;
				CLANG_WARN_OBJC_LITERAL_CONVERSION = YES;
				CLANG_WARN_OBJC_ROOT_CLASS = YES_ERROR;
				CLANG_WARN_RANGE_LOOP_ANALYSIS = YES;
				CLANG_WARN_STRICT_PROTOTYPES = YES;
				CLANG_WARN_SUSPICIOUS_MOVE = YES;
				CLANG_WARN_UNGUARDED_AVAILABILITY = YES_AGGRESSIVE;
				CLANG_WARN_UNREACHABLE_CODE = YES;
				CLANG_WARN__DUPLICATE_METHOD_MATCH = YES;
				CODE_SIGN_IDENTITY = "iPhone Developer";
				COPY_PHASE_STRIP = NO;
				DEBUG_INFORMATION_FORMAT = dwarf;
				ENABLE_STRICT_OBJC_MSGSEND = YES;
				ENABLE_TESTABILITY = YES;
				GCC_C_LANGUAGE_STANDARD = gnu11;
				GCC_DYNAMIC_NO_PIC = NO;
				GCC_NO_COMMON_BLOCKS = YES;
				GCC_OPTIMIZATION_LEVEL = 0;
				GCC_PREPROCESSOR_DEFINITIONS = (
					"DEBUG=1",
					"$(inherited)",
				);
				GCC_WARN_64_TO_32_BIT_CONVERSION = YES;
				GCC_WARN_ABOUT_RETURN_TYPE = YES_ERROR;
				GCC_WARN_UNDECLARED_SELECTOR = YES;
				GCC_WARN_UNINITIALIZED_AUTOS = YES_AGGRESSIVE;
				GCC_WARN_UNUSED_FUNCTION = YES;
				GCC_WARN_UNUSED_VARIABLE = YES;
				IPHONEOS_DEPLOYMENT_TARGET = 11.2;
				MTL_ENABLE_DEBUG_INFO = YES;
				ONLY_ACTIVE_ARCH = YES;
				SDKROOT = iphoneos;
				SWIFT_ACTIVE_COMPILATION_CONDITIONS = DEBUG;
				SWIFT_OPTIMIZATION_LEVEL = "-Onone";
			};
			name = Debug;
		};
		CC03F5372045947D0048B716 /* Release */ = {
			isa = XCBuildConfiguration;
			buildSettings = {
				ALWAYS_SEARCH_USER_PATHS = NO;
				CLANG_ANALYZER_NONNULL = YES;
				CLANG_ANALYZER_NUMBER_OBJECT_CONVERSION = YES_AGGRESSIVE;
				CLANG_CXX_LANGUAGE_STANDARD = "gnu++14";
				CLANG_CXX_LIBRARY = "libc++";
				CLANG_ENABLE_MODULES = YES;
				CLANG_ENABLE_OBJC_ARC = YES;
				CLANG_WARN_BLOCK_CAPTURE_AUTORELEASING = YES;
				CLANG_WARN_BOOL_CONVERSION = YES;
				CLANG_WARN_COMMA = YES;
				CLANG_WARN_CONSTANT_CONVERSION = YES;
				CLANG_WARN_DEPRECATED_OBJC_IMPLEMENTATIONS = YES;
				CLANG_WARN_DIRECT_OBJC_ISA_USAGE = YES_ERROR;
				CLANG_WARN_DOCUMENTATION_COMMENTS = YES;
				CLANG_WARN_EMPTY_BODY = YES;
				CLANG_WARN_ENUM_CONVERSION = YES;
				CLANG_WARN_INFINITE_RECURSION = YES;
				CLANG_WARN_INT_CONVERSION = YES;
				CLANG_WARN_NON_LITERAL_NULL_CONVERSION = YES;
				CLANG_WARN_OBJC_IMPLICIT_RETAIN_SELF = YES;
				CLANG_WARN_OBJC_LITERAL_CONVERSION = YES;
				CLANG_WARN_OBJC_ROOT_CLASS = YES_ERROR;
				CLANG_WARN_RANGE_LOOP_ANALYSIS = YES;
				CLANG_WARN_STRICT_PROTOTYPES = YES;
				CLANG_WARN_SUSPICIOUS_MOVE = YES;
				CLANG_WARN_UNGUARDED_AVAILABILITY = YES_AGGRESSIVE;
				CLANG_WARN_UNREACHABLE_CODE = YES;
				CLANG_WARN__DUPLICATE_METHOD_MATCH = YES;
				CODE_SIGN_IDENTITY = "iPhone Developer";
				COPY_PHASE_STRIP = NO;
				DEBUG_INFORMATION_FORMAT = "dwarf-with-dsym";
				ENABLE_NS_ASSERTIONS = NO;
				ENABLE_STRICT_OBJC_MSGSEND = YES;
				GCC_C_LANGUAGE_STANDARD = gnu11;
				GCC_NO_COMMON_BLOCKS = YES;
				GCC_WARN_64_TO_32_BIT_CONVERSION = YES;
				GCC_WARN_ABOUT_RETURN_TYPE = YES_ERROR;
				GCC_WARN_UNDECLARED_SELECTOR = YES;
				GCC_WARN_UNINITIALIZED_AUTOS = YES_AGGRESSIVE;
				GCC_WARN_UNUSED_FUNCTION = YES;
				GCC_WARN_UNUSED_VARIABLE = YES;
				IPHONEOS_DEPLOYMENT_TARGET = 11.2;
				MTL_ENABLE_DEBUG_INFO = NO;
				SDKROOT = iphoneos;
				SWIFT_OPTIMIZATION_LEVEL = "-Owholemodule";
				VALIDATE_PRODUCT = YES;
			};
			name = Release;
		};
		CC03F5392045947D0048B716 /* Debug */ = {
			isa = XCBuildConfiguration;
			baseConfigurationReference = B770C63AE9E1C67319AF3649 /* Pods-TwitterTrends.debug.xcconfig */;
			buildSettings = {
				ASSETCATALOG_COMPILER_APPICON_NAME = AppIcon;
				CODE_SIGN_STYLE = Automatic;
				DEVELOPMENT_TEAM = QDUTEX33CU;
				INFOPLIST_FILE = TwitterTrends/Info.plist;
				LD_RUNPATH_SEARCH_PATHS = "$(inherited) @executable_path/Frameworks";
				PRODUCT_BUNDLE_IDENTIFIER = com.matthiaszarzecki.TwitterTrends;
				PRODUCT_NAME = "$(TARGET_NAME)";
				SWIFT_VERSION = 4.0;
				TARGETED_DEVICE_FAMILY = "1,2";
			};
			name = Debug;
		};
		CC03F53A2045947D0048B716 /* Release */ = {
			isa = XCBuildConfiguration;
			baseConfigurationReference = 216E098A0FA6B9120AADE162 /* Pods-TwitterTrends.release.xcconfig */;
			buildSettings = {
				ASSETCATALOG_COMPILER_APPICON_NAME = AppIcon;
				CODE_SIGN_STYLE = Automatic;
				DEVELOPMENT_TEAM = QDUTEX33CU;
				INFOPLIST_FILE = TwitterTrends/Info.plist;
				LD_RUNPATH_SEARCH_PATHS = "$(inherited) @executable_path/Frameworks";
				PRODUCT_BUNDLE_IDENTIFIER = com.matthiaszarzecki.TwitterTrends;
				PRODUCT_NAME = "$(TARGET_NAME)";
				SWIFT_VERSION = 4.0;
				TARGETED_DEVICE_FAMILY = "1,2";
			};
			name = Release;
		};
/* End XCBuildConfiguration section */

/* Begin XCConfigurationList section */
		CC03F5212045947D0048B716 /* Build configuration list for PBXProject "TwitterTrends" */ = {
			isa = XCConfigurationList;
			buildConfigurations = (
				CC03F5362045947D0048B716 /* Debug */,
				CC03F5372045947D0048B716 /* Release */,
			);
			defaultConfigurationIsVisible = 0;
			defaultConfigurationName = Release;
		};
		CC03F5382045947D0048B716 /* Build configuration list for PBXNativeTarget "TwitterTrends" */ = {
			isa = XCConfigurationList;
			buildConfigurations = (
				CC03F5392045947D0048B716 /* Debug */,
				CC03F53A2045947D0048B716 /* Release */,
			);
			defaultConfigurationIsVisible = 0;
			defaultConfigurationName = Release;
		};
/* End XCConfigurationList section */
	};
	rootObject = CC03F51E2045947D0048B716 /* Project object */;
}
